# THIS IS AN AUTOGENERATED FILE. DO NOT EDIT THIS FILE DIRECTLY.
# yarn lockfile v1


"@types/geojson@*":
  version "7946.0.7"
  resolved "https://registry.yarnpkg.com/@types/geojson/-/geojson-7946.0.7.tgz#c8fa532b60a0042219cdf173ca21a975ef0666ad"
  integrity sha512-wE2v81i4C4Ol09RtsWFAqg3BUitWbHSpSlIo+bNdsCJijO9sjme+zm+73ZMCa/qMC8UEERxzGbvmr1cffo2SiQ==

"@types/iitc@^0.30.1":
  version "0.30.1"
  resolved "https://registry.yarnpkg.com/@types/iitc/-/iitc-0.30.1.tgz#0b956f065060649840c746adadf26ec26c975dc6"
  integrity sha512-mx72v4EInafUBfrnz+nMNkvAi4fm5IMDRZzvnGX7GI2Ew82WIZuH3s1qtj3I7ZtZlN7rvz63ShQ3T2I7iJLoTQ==
  dependencies:
    "@types/jquery" "*"
    "@types/jqueryui" "*"
    "@types/leaflet" "*"
    "@types/spectrum" "*"

"@types/jquery@*":
  version "3.5.5"
  resolved "https://registry.yarnpkg.com/@types/jquery/-/jquery-3.5.5.tgz#2c63f47c9c8d96693d272f5453602afd8338c903"
  integrity sha512-6RXU9Xzpc6vxNrS6FPPapN1SxSHgQ336WC6Jj/N8q30OiaBZ00l1GBgeP7usjVZPivSkGUfL1z/WW6TX989M+w==
  dependencies:
    "@types/sizzle" "*"

"@types/jqueryui@*":
  version "1.12.14"
  resolved "https://registry.yarnpkg.com/@types/jqueryui/-/jqueryui-1.12.14.tgz#33559cd1024bfc56bc18aeca8c8939fbb48e3418"
  integrity sha512-fR9PoOI0yauBS0sjGaU3ao0s2pJWjBi0yVYnPdYbllNoimaPUlHMOh0Ubq+hy8OB258hRSlK2hWCJk40kNhrZQ==
  dependencies:
    "@types/jquery" "*"

"@types/leaflet@*":
  version "1.5.23"
  resolved "https://registry.yarnpkg.com/@types/leaflet/-/leaflet-1.5.23.tgz#159823a8c86a50383f0c9d9b9dac2af01fa7603b"
  integrity sha512-S/xpuwjZuwYMP+4ZzQ10PX0Jy+0XmwPeojtjqhbca9UXaINdoru91Qm/DUUXyh4qYm3CP6Vher06l/UcA9tUKQ==
  dependencies:
    "@types/geojson" "*"

"@types/sizzle@*":
  version "2.3.2"
  resolved "https://registry.yarnpkg.com/@types/sizzle/-/sizzle-2.3.2.tgz#a811b8c18e2babab7d542b3365887ae2e4d9de47"
  integrity sha512-7EJYyKTL7tFR8+gDbB6Wwz/arpGa0Mywk1TJbNzKzHtzbwVmY4HR9WqS5VV7dsBUKQmPNr192jHr/VpBluj/hg==

"@types/spectrum@*":
  version "1.5.31"
  resolved "https://registry.yarnpkg.com/@types/spectrum/-/spectrum-1.5.31.tgz#4cde06a2658d19d1e4bdc1001e7d4da339f5028b"
  integrity sha512-v1lU8dbHmiPgj1EXj/+Iwpfj7TRakiNzZspMdFSp17cDD7qdv7XgwcpzdfB5a3TNI0S9qHdvF5wEnLLSt2rcVw==
  dependencies:
    "@types/jquery" "*"
    "@types/tinycolor2" "*"

"@types/tinycolor2@*":
  version "1.4.2"
  resolved "https://registry.yarnpkg.com/@types/tinycolor2/-/tinycolor2-1.4.2.tgz#721ca5c5d1a2988b4a886e35c2ffc5735b6afbdf"
  integrity sha512-PeHg/AtdW6aaIO2a+98Xj7rWY4KC1E6yOy7AFknJQ7VXUGNrMlyxDFxJo7HqLtjQms/ZhhQX52mLVW/EX3JGOw==

typescript@^4.1.5:
  version "4.1.5"
  resolved "https://registry.yarnpkg.com/typescript/-/typescript-4.1.5.tgz#123a3b214aaff3be32926f0d8f1f6e704eb89a72"
  integrity sha512-6OSu9PTIzmn9TCDiovULTnET6BgXtDYL4Gg4szY+cGsc3JP1dQL8qvE8kShTRx1NIw4Q9IBHlwODjkjWEtMUyA==
